
Microsoft Visual Studio Solution File, Format Version 12.00
# Visual Studio Version 17
VisualStudioVersion = 17.3.32922.545
MinimumVisualStudioVersion = 10.0.40219.1
Project("{FAE04EC0-301F-11D3-BF4B-00C04F79EFBC}") = "Server", "Server\Server.csproj", "{4F791CCD-43B0-4A21-A609-63B915B0D741}"
EndProject
Global
	GlobalSection(SolutionConfigurationPlatforms) = preSolution
		Debug|Any CPU = Debug|Any CPU
		Release|Any CPU = Release|Any CPU
	EndGlobalSection
	GlobalSection(ProjectConfigurationPlatforms) = postSolution
		{4F791CCD-43B0-4A21-A609-63B915B0D741}.Debug|Any CPU.ActiveCfg = Debug|Any CPU
		{4F791CCD-43B0-4A21-A609-63B915B0D741}.Debug|Any CPU.Build.0 = Debug|Any CPU
		{4F791CCD-43B0-4A21-A609-63B915B0D741}.Release|Any CPU.ActiveCfg = Release|Any CPU
		{4F791CCD-43B0-4A21-A609-63B915B0D741}.Release|Any CPU.Build.0 = Release|Any CPU
	EndGlobalSection
	GlobalSection(SolutionProperties) = preSolution
		HideSolutionNode = FALSE
	EndGlobalSection
	GlobalSection(ExtensibilityGlobals) = postSolution
		SolutionGuid = {DEA0B177-F457-4468-AD89-6AB0B673AE79}
	EndGlobalSection
EndGlobal
